
Microsoft Visual Studio Solution File, Format Version 12.00
# Visual Studio Version 17
VisualStudioVersion = 17.10.35122.118
MinimumVisualStudioVersion = 10.0.40219.1
Project("{FAE04EC0-301F-11D3-BF4B-00C04F79EFBC}") = "ProjectEPI", "ProjectEPI\ProjectEPI.csproj", "{A5758B1E-8144-4329-A53D-070DC4E3233E}"
EndProject
Global
	GlobalSection(SolutionConfigurationPlatforms) = preSolution
		Debug|Any CPU = Debug|Any CPU
		Release|Any CPU = Release|Any CPU
	EndGlobalSection
	GlobalSection(ProjectConfigurationPlatforms) = postSolution
		{A5758B1E-8144-4329-A53D-070DC4E3233E}.Debug|Any CPU.ActiveCfg = Debug|Any CPU
		{A5758B1E-8144-4329-A53D-070DC4E3233E}.Debug|Any CPU.Build.0 = Debug|Any CPU
		{A5758B1E-8144-4329-A53D-070DC4E3233E}.Release|Any CPU.ActiveCfg = Release|Any CPU
		{A5758B1E-8144-4329-A53D-070DC4E3233E}.Release|Any CPU.Build.0 = Release|Any CPU
	EndGlobalSection
	GlobalSection(SolutionProperties) = preSolution
		HideSolutionNode = FALSE
	EndGlobalSection
	GlobalSection(ExtensibilityGlobals) = postSolution
		SolutionGuid = {EFED70F9-7F4D-4611-BBED-50779FC112BD}
	EndGlobalSection
EndGlobal
